{
  "name": "react-project",
  "lockfileVersion": 3,
  "requires": true,
  "packages": {
    "": {
      "dependencies": {
        "react-click-outside-hook": "^1.1.1"
      }
    },
    "node_modules/react-click-outside-hook": {
      "version": "1.1.1",
      "resolved": "https://registry.npmjs.org/react-click-outside-hook/-/react-click-outside-hook-1.1.1.tgz",
      "integrity": "sha512-wIPef9ik68f/Tz/0uvuOZI7hE7XLOc2moKUGWu9c68LqYS8b0D9LnR7J9i0Uc0DiXZaJENlRqZpmaYJFhjADMA==",
      "license": "MIT"
    }
  }
}
